
Microsoft Visual Studio Solution File, Format Version 12.00
# Visual Studio 15
VisualStudioVersion = 15.0.28307.421
MinimumVisualStudioVersion = 10.0.40219.1
Project("{FAE04EC0-301F-11D3-BF4B-00C04F79EFBC}") = "Website", "Website\Website.csproj", "{EFF422FC-2DCB-4CC4-BD55-70323C917E12}"
EndProject
Project("{FAE04EC0-301F-11D3-BF4B-00C04F79EFBC}") = "Core", "Core\Core.csproj", "{388AEEF6-BEB8-43DF-81E4-D8FE4E3DB9BC}"
EndProject
Project("{FAE04EC0-301F-11D3-BF4B-00C04F79EFBC}") = "Infrastructure", "Infrastructure\Infrastructure.csproj", "{50C80F42-7A2B-41D5-9EE2-CC41766D9F7E}"
EndProject
Project("{FAE04EC0-301F-11D3-BF4B-00C04F79EFBC}") = "Common", "Common\Common.csproj", "{C0236F35-6A79-4533-990E-A63FE6D54F33}"
EndProject
Global
	GlobalSection(SolutionConfigurationPlatforms) = preSolution
		Debug|Any CPU = Debug|Any CPU
		Release|Any CPU = Release|Any CPU
	EndGlobalSection
	GlobalSection(ProjectConfigurationPlatforms) = postSolution
		{EFF422FC-2DCB-4CC4-BD55-70323C917E12}.Debug|Any CPU.ActiveCfg = Debug|Any CPU
		{EFF422FC-2DCB-4CC4-BD55-70323C917E12}.Debug|Any CPU.Build.0 = Debug|Any CPU
		{EFF422FC-2DCB-4CC4-BD55-70323C917E12}.Release|Any CPU.ActiveCfg = Release|Any CPU
		{EFF422FC-2DCB-4CC4-BD55-70323C917E12}.Release|Any CPU.Build.0 = Release|Any CPU
		{388AEEF6-BEB8-43DF-81E4-D8FE4E3DB9BC}.Debug|Any CPU.ActiveCfg = Debug|Any CPU
		{388AEEF6-BEB8-43DF-81E4-D8FE4E3DB9BC}.Debug|Any CPU.Build.0 = Debug|Any CPU
		{388AEEF6-BEB8-43DF-81E4-D8FE4E3DB9BC}.Release|Any CPU.ActiveCfg = Release|Any CPU
		{388AEEF6-BEB8-43DF-81E4-D8FE4E3DB9BC}.Release|Any CPU.Build.0 = Release|Any CPU
		{50C80F42-7A2B-41D5-9EE2-CC41766D9F7E}.Debug|Any CPU.ActiveCfg = Debug|Any CPU
		{50C80F42-7A2B-41D5-9EE2-CC41766D9F7E}.Debug|Any CPU.Build.0 = Debug|Any CPU
		{50C80F42-7A2B-41D5-9EE2-CC41766D9F7E}.Release|Any CPU.ActiveCfg = Release|Any CPU
		{50C80F42-7A2B-41D5-9EE2-CC41766D9F7E}.Release|Any CPU.Build.0 = Release|Any CPU
		{C0236F35-6A79-4533-990E-A63FE6D54F33}.Debug|Any CPU.ActiveCfg = Debug|Any CPU
		{C0236F35-6A79-4533-990E-A63FE6D54F33}.Debug|Any CPU.Build.0 = Debug|Any CPU
		{C0236F35-6A79-4533-990E-A63FE6D54F33}.Release|Any CPU.ActiveCfg = Release|Any CPU
		{C0236F35-6A79-4533-990E-A63FE6D54F33}.Release|Any CPU.Build.0 = Release|Any CPU
	EndGlobalSection
	GlobalSection(SolutionProperties) = preSolution
		HideSolutionNode = FALSE
	EndGlobalSection
	GlobalSection(ExtensibilityGlobals) = postSolution
		SolutionGuid = {DE61D371-7FE4-4045-AC9F-AF7AD9CB8710}
	EndGlobalSection
EndGlobal
